<?xml version="1.0" encoding="UTF-8" standalone="yes" ?>
<CodeBlocks_project_file>
	<FileVersion major="1" minor="6" />
	<Project>
		<Option title="STM32_sleepy_sensors" />
		<Option makefile_is_custom="1" />
		<Option execution_dir="../../STM32_sleepy_sensors" />
		<Option pch_mode="2" />
		<Option compiler="gcc" />
		<Build>
			<Target title="all">
				<Option output="STM32_sleepy_sensors" prefix_auto="1" extension_auto="1" />
				<Option type="1" />
				<Option compiler="gcc" />
				<MakeCommands>
					<Build command="$make -f $makefile $target" />
					<CompileFile command="" />
					<Clean command="" />
					<DistClean command="$make -f $makefile distclean$target" />
					<AskRebuildNeeded command="" />
					<SilentBuild command="$make -f $makefile $target &gt; $(CMD_NULL)" />
				</MakeCommands>
			</Target>
			<Target title="memory_stats">
				<Option output="STM32_sleepy_sensors" prefix_auto="1" extension_auto="1" />
				<Option type="0" />
				<Option compiler="gcc" />
			</Target>
			<Target title="package">
				<Option output="STM32_sleepy_sensors" prefix_auto="1" extension_auto="1" />
				<Option type="1" />
				<Option compiler="gcc" />
				<Option use_console_runner="0" />
			</Target>
			<Target title="total_clean">
				<Option output="STM32_sleepy_sensors" prefix_auto="1" extension_auto="1" />
				<Option type="1" />
				<Option compiler="gcc" />
				<Option use_console_runner="0" />
			</Target>
			<Target title="build_clean">
				<Option output="STM32_sleepy_sensors" prefix_auto="1" extension_auto="1" />
				<Option type="1" />
				<Option compiler="gcc" />
				<Option use_console_runner="0" />
			</Target>
		</Build>
		<Compiler>
			<Add option="-Wall" />
		</Compiler>
		<Unit filename="../Build_Output/STM32_sleepy_sensors.bin" />
		<Unit filename="../Build_Output/STM32_sleepy_sensors.elf" />
		<Unit filename="../Build_Output/STM32_sleepy_sensors.hex" />
		<Unit filename="../Build_Output/STM32_sleepy_sensors.map" />
		<Unit filename="../Makefile">
			<Option target="all" />
			<Option target="memory_stats" />
		</Unit>
		<Unit filename="../Src/COMMON_MODULES/COMPILER_config.h">
			<Option target="all" />
			<Option target="memory_stats" />
		</Unit>
		<Unit filename="../Src/COMMON_MODULES/xINC/COMPILER_check.h">
			<Option target="all" />
			<Option target="memory_stats" />
		</Unit>
		<Unit filename="../Src/COMMON_MODULES/xINC/COMPILER_defs.h">
			<Option target="all" />
			<Option target="memory_stats" />
		</Unit>
		<Unit filename="../Src/COMMON_MODULES/xINC/C_defs.h">
			<Option target="all" />
			<Option target="memory_stats" />
		</Unit>
		<Unit filename="../Src/COMMON_MODULES/xINC/MEM_placement.h">
			<Option target="all" />
			<Option target="memory_stats" />
		</Unit>
		<Unit filename="../Src/COMMON_MODULES/xINC/RTOS.h">
			<Option target="all" />
			<Option target="memory_stats" />
		</Unit>
		<Unit filename="../Src/COMMON_MODULES/xINC/SELMATH/SELMATH.c">
			<Option compilerVar="CC" />
			<Option target="all" />
			<Option target="memory_stats" />
		</Unit>
		<Unit filename="../Src/COMMON_MODULES/xINC/SELMATH/SELMATH.h">
			<Option target="all" />
			<Option target="memory_stats" />
		</Unit>
		<Unit filename="../Src/COMMON_MODULES/xINC/SELMATH/SELMATH_pri.h">
			<Option target="all" />
			<Option target="memory_stats" />
		</Unit>
		<Unit filename="../Src/COMMON_MODULES/xINC/STDC/STDC.c">
			<Option compilerVar="CC" />
			<Option target="all" />
			<Option target="memory_stats" />
		</Unit>
		<Unit filename="../Src/COMMON_MODULES/xINC/STDC/STDC.h">
			<Option target="all" />
			<Option target="memory_stats" />
		</Unit>
		<Unit filename="../Src/COMMON_MODULES/xINC/TPMS_std.h">
			<Option target="all" />
			<Option target="memory_stats" />
		</Unit>
		<Unit filename="../Src/COMMON_MODULES/xINC/TPMS_types.h">
			<Option target="all" />
			<Option target="memory_stats" />
		</Unit>
		<Unit filename="../Src/COMMON_MODULES/xLIBS/CHKSUM/CHKSUM.c">
			<Option compilerVar="CC" />
			<Option target="all" />
			<Option target="memory_stats" />
		</Unit>
		<Unit filename="../Src/COMMON_MODULES/xLIBS/CHKSUM/CHKSUM.h">
			<Option target="all" />
			<Option target="memory_stats" />
		</Unit>
		<Unit filename="../Src/COMMON_MODULES/xLIBS/CHKSUM/CHKSUM_pri.h">
			<Option target="all" />
			<Option target="memory_stats" />
		</Unit>
		<Unit filename="../Src/COMMON_MODULES/xLIBS/CHKSUM/CHKSUM_svn_rev.h">
			<Option target="all" />
			<Option target="memory_stats" />
		</Unit>
		<Unit filename="../Src/HAL/HAL_ADC/HAL_ADC.c">
			<Option compilerVar="CC" />
			<Option target="all" />
			<Option target="memory_stats" />
		</Unit>
		<Unit filename="../Src/HAL/HAL_ADC/HAL_ADC.h">
			<Option target="all" />
			<Option target="memory_stats" />
		</Unit>
		<Unit filename="../Src/HAL/HAL_BRD/HAL_BRD.c">
			<Option compilerVar="CC" />
			<Option target="all" />
			<Option target="memory_stats" />
		</Unit>
		<Unit filename="../Src/HAL/HAL_BRD/HAL_BRD.h">
			<Option target="all" />
			<Option target="memory_stats" />
		</Unit>
		<Unit filename="../Src/HAL/HAL_I2C/HAL_I2C.c">
			<Option compilerVar="CC" />
			<Option target="all" />
			<Option target="memory_stats" />
		</Unit>
		<Unit filename="../Src/HAL/HAL_I2C/HAL_I2C.h">
			<Option target="all" />
			<Option target="memory_stats" />
		</Unit>
		<Unit filename="../Src/HAL/HAL_SPI/HAL_SPI.c">
			<Option compilerVar="CC" />
			<Option target="all" />
			<Option target="memory_stats" />
		</Unit>
		<Unit filename="../Src/HAL/HAL_SPI/HAL_SPI.h">
			<Option target="all" />
			<Option target="memory_stats" />
		</Unit>
		<Unit filename="../Src/HAL/HAL_TIM/HAL_TIM.c">
			<Option compilerVar="CC" />
			<Option target="all" />
			<Option target="memory_stats" />
		</Unit>
		<Unit filename="../Src/HAL/HAL_TIM/HAL_TIM.h">
			<Option target="all" />
			<Option target="memory_stats" />
		</Unit>
		<Unit filename="../Src/HAL/HAL_UART/HAL_UART.c">
			<Option compilerVar="CC" />
			<Option target="all" />
			<Option target="memory_stats" />
		</Unit>
		<Unit filename="../Src/HAL/HAL_UART/HAL_UART.h">
			<Option target="all" />
			<Option target="memory_stats" />
		</Unit>
		<Unit filename="../Src/MAIN/main.c">
			<Option compilerVar="CC" />
			<Option target="all" />
			<Option target="memory_stats" />
		</Unit>
		<Unit filename="../Src/MAIN/main.h">
			<Option target="all" />
			<Option target="memory_stats" />
		</Unit>
		<Unit filename="../Src/NVM/NVM.c">
			<Option compilerVar="CC" />
			<Option target="all" />
			<Option target="memory_stats" />
		</Unit>
		<Unit filename="../Src/NVM/NVM.h">
			<Option target="all" />
			<Option target="memory_stats" />
		</Unit>
		<Unit filename="../Src/NVM/NVM_defaults.h">
			<Option target="all" />
			<Option target="memory_stats" />
		</Unit>
		<Unit filename="../Src/PROJ_CONFIG/PROJ_config.h">
			<Option target="all" />
			<Option target="memory_stats" />
		</Unit>
		<Unit filename="../Src/PROJ_CONFIG/SEL_RTOS_config.h">
			<Option target="all" />
			<Option target="memory_stats" />
		</Unit>
		<Unit filename="../Src/PROJ_CONFIG/STDC_A_config.h">
			<Option target="all" />
			<Option target="memory_stats" />
		</Unit>
		<Unit filename="../Src/PROJ_CONFIG/STDC_config.h">
			<Option target="all" />
			<Option target="memory_stats" />
		</Unit>
		<Unit filename="../Src/RF/RFM69.c">
			<Option compilerVar="CC" />
			<Option target="all" />
			<Option target="memory_stats" />
		</Unit>
		<Unit filename="../Src/RF/RFM69.h">
			<Option target="all" />
			<Option target="memory_stats" />
		</Unit>
		<Unit filename="../Src/RF/RFM69_Registers.h">
			<Option target="all" />
			<Option target="memory_stats" />
		</Unit>
		<Unit filename="../Src/VERSIONS/VERSIONS.c">
			<Option compilerVar="CC" />
			<Option target="all" />
			<Option target="memory_stats" />
		</Unit>
		<Unit filename="../Src/VERSIONS/VERSIONS.h">
			<Option target="all" />
			<Option target="memory_stats" />
		</Unit>
		<Unit filename="../Src/autoversion.h">
			<Option target="all" />
			<Option target="memory_stats" />
		</Unit>
		<Extensions>
			<code_completion />
			<envvars />
			<debugger />
			<lib_finder disable_auto="1" />
		</Extensions>
	</Project>
</CodeBlocks_project_file>
